
Microsoft Visual Studio Solution File, Format Version 12.00
# Visual Studio Version 17
VisualStudioVersion = 17.11.34929.205
MinimumVisualStudioVersion = 10.0.40219.1
Project("{FAE04EC0-301F-11D3-BF4B-00C04F79EFBC}") = "SafeCargo.Server", "SafeCargo.Server\SafeCargo.Server.csproj", "{31868377-EC36-4EF1-9693-27415919C8FC}"
EndProject
Global
	GlobalSection(SolutionConfigurationPlatforms) = preSolution
		Debug|Any CPU = Debug|Any CPU
		Release|Any CPU = Release|Any CPU
	EndGlobalSection
	GlobalSection(ProjectConfigurationPlatforms) = postSolution
		{31868377-EC36-4EF1-9693-27415919C8FC}.Debug|Any CPU.ActiveCfg = Debug|Any CPU
		{31868377-EC36-4EF1-9693-27415919C8FC}.Debug|Any CPU.Build.0 = Debug|Any CPU
		{31868377-EC36-4EF1-9693-27415919C8FC}.Release|Any CPU.ActiveCfg = Release|Any CPU
		{31868377-EC36-4EF1-9693-27415919C8FC}.Release|Any CPU.Build.0 = Release|Any CPU
	EndGlobalSection
	GlobalSection(SolutionProperties) = preSolution
		HideSolutionNode = FALSE
	EndGlobalSection
	GlobalSection(ExtensibilityGlobals) = postSolution
		SolutionGuid = {03628178-A919-4D84-99FD-823B97852F5D}
	EndGlobalSection
EndGlobal
